
Microsoft Visual Studio Solution File, Format Version 12.00
# Visual Studio Version 16
VisualStudioVersion = 16.0.30611.23
MinimumVisualStudioVersion = 10.0.40219.1
Project("{FAE04EC0-301F-11D3-BF4B-00C04F79EFBC}") = "Console_App", "Console_App\Console_App.csproj", "{29DF6B1D-0B12-4C34-AC96-510DEFF162FB}"
EndProject
Global
	GlobalSection(SolutionConfigurationPlatforms) = preSolution
		Debug|Any CPU = Debug|Any CPU
		Release|Any CPU = Release|Any CPU
	EndGlobalSection
	GlobalSection(ProjectConfigurationPlatforms) = postSolution
		{29DF6B1D-0B12-4C34-AC96-510DEFF162FB}.Debug|Any CPU.ActiveCfg = Debug|Any CPU
		{29DF6B1D-0B12-4C34-AC96-510DEFF162FB}.Debug|Any CPU.Build.0 = Debug|Any CPU
		{29DF6B1D-0B12-4C34-AC96-510DEFF162FB}.Release|Any CPU.ActiveCfg = Release|Any CPU
		{29DF6B1D-0B12-4C34-AC96-510DEFF162FB}.Release|Any CPU.Build.0 = Release|Any CPU
	EndGlobalSection
	GlobalSection(SolutionProperties) = preSolution
		HideSolutionNode = FALSE
	EndGlobalSection
	GlobalSection(ExtensibilityGlobals) = postSolution
		SolutionGuid = {829E8099-E7C0-4739-9D65-42D9A1C7C962}
	EndGlobalSection
EndGlobal
